{
  "name": "streamtobuffer-bot",
  "version": "8.0.0",
  "lockfileVersion": 3,
  "requires": true,
  "packages": {
    "": {
      "name": "streamtobuffer-bot",
      "version": "8.0.0",
      "license": "ISC",
      "dependencies": {
        "@file-kiwi/node": "^1.0.9"
      }
    },
    "node_modules/@file-kiwi/node": {
      "version": "1.0.9",
      "resolved": "https://registry.npmjs.org/@file-kiwi/node/-/node-1.0.9.tgz",
      "integrity": "sha512-e6UH+TWhrjXM60UeVTd0+6ga3lzXQ+Q7Xv2Q3vN+X3WUygF12pYQFRnViIo2l4EQIADMJ+BEB81gsO2PD6XzwQ==",
      "license": "MIT",
      "dependencies": {
        "qrcode-terminal": "^0.12.0",
        "uqr": "^0.1.2",
        "wormhole-crypto": "^0.3.1"
      },
      "bin": {
        "filekiwi": "dist/cli.js"
      }
    },
    "node_modules/base64-js": {
      "version": "1.5.1",
      "resolved": "https://registry.npmjs.org/base64-js/-/base64-js-1.5.1.tgz",
      "integrity": "sha512-AKpaYlHn8t4SVbOHCy+b5+KKgvR4vrsD8vbvrbiQJps7fKDTkjkDry6ji0rUJjC0kzbNePLwzxq8iypo41qeWA==",
      "funding": [
        {
          "type": "github",
          "url": "https://github.com/sponsors/feross"
        },
        {
          "type": "patreon",
          "url": "https://www.patreon.com/feross"
        },
        {
          "type": "consulting",
          "url": "https://feross.org/support"
        }
      ],
      "license": "MIT"
    },
    "node_modules/qrcode-terminal": {
      "version": "0.12.0",
      "resolved": "https://registry.npmjs.org/qrcode-terminal/-/qrcode-terminal-0.12.0.tgz",
      "integrity": "sha512-EXtzRZmC+YGmGlDFbXKxQiMZNwCLEO6BANKXG4iCtSIM0yqc/pappSx3RIKr4r0uh5JsBckOXeKrB3Iz7mdQpQ==",
      "bin": {
        "qrcode-terminal": "bin/qrcode-terminal.js"
      }
    },
    "node_modules/uqr": {
      "version": "0.1.3",
      "resolved": "https://registry.npmjs.org/uqr/-/uqr-0.1.3.tgz",
      "integrity": "sha512-0rjE8iEJe4YmT9TOhwsZtqCMRLc5DXZUI2UEYUUg63ikBkqqE5EYWaI0etFe/5KUcmcYwLih2RND1kq+hrUJXA==",
      "license": "MIT"
    },
    "node_modules/wormhole-crypto": {
      "version": "0.3.1",
      "resolved": "https://registry.npmjs.org/wormhole-crypto/-/wormhole-crypto-0.3.1.tgz",
      "integrity": "sha512-P6dsua8VTTbaLozTSbeDWBuXcoAJABH8a+XutfMg9Vb2a/roUPLFvkgtuJcXorp8hwLM5RguQEWtMZqgpJYohA==",
      "license": "MIT",
      "dependencies": {
        "base64-js": "^1.5.1"
      }
    }
  }
}
